
Microsoft Visual Studio Solution File, Format Version 12.00
# Visual Studio 2013
VisualStudioVersion = 12.0.31101.0
MinimumVisualStudioVersion = 10.0.40219.1
Project("{FAE04EC0-301F-11D3-BF4B-00C04F79EFBC}") = "WikitudeXamarinForms", "WikitudeXamarinForms\WikitudeXamarinForms\WikitudeXamarinForms.csproj", "{2551F058-1104-4D70-BCEC-E4C375C31D52}"
EndProject
Project("{FAE04EC0-301F-11D3-BF4B-00C04F79EFBC}") = "WikitudeXamarinForms.iOS", "WikitudeXamarinForms\WikitudeXamarinForms.iOS\WikitudeXamarinForms.iOS.csproj", "{58265880-7EB7-492C-AF3C-FE359B1FE001}"
EndProject
Project("{FAE04EC0-301F-11D3-BF4B-00C04F79EFBC}") = "WikitudeXamarinForms.Droid", "WikitudeXamarinForms\WikitudeXamarinForms.Droid\WikitudeXamarinForms.Droid.csproj", "{F0D18E18-5B66-43B1-A7D2-462256CFE7A9}"
EndProject
Project("{FAE04EC0-301F-11D3-BF4B-00C04F79EFBC}") = "WikitudeXamarinForms.WinPhone", "WikitudeXamarinForms\WikitudeXamarinForms.WinPhone\WikitudeXamarinForms.WinPhone.csproj", "{E9341DBE-D45A-4DE3-A823-CA95A5A1D47C}"
EndProject
Global
	GlobalSection(SolutionConfigurationPlatforms) = preSolution
		Ad-Hoc|Any CPU = Ad-Hoc|Any CPU
		Ad-Hoc|ARM = Ad-Hoc|ARM
		Ad-Hoc|iPhone = Ad-Hoc|iPhone
		Ad-Hoc|iPhoneSimulator = Ad-Hoc|iPhoneSimulator
		Ad-Hoc|Mixed Platforms = Ad-Hoc|Mixed Platforms
		Ad-Hoc|x86 = Ad-Hoc|x86
		AppStore|Any CPU = AppStore|Any CPU
		AppStore|ARM = AppStore|ARM
		AppStore|iPhone = AppStore|iPhone
		AppStore|iPhoneSimulator = AppStore|iPhoneSimulator
		AppStore|Mixed Platforms = AppStore|Mixed Platforms
		AppStore|x86 = AppStore|x86
		Debug|Any CPU = Debug|Any CPU
		Debug|ARM = Debug|ARM
		Debug|iPhone = Debug|iPhone
		Debug|iPhoneSimulator = Debug|iPhoneSimulator
		Debug|Mixed Platforms = Debug|Mixed Platforms
		Debug|x86 = Debug|x86
		Release|Any CPU = Release|Any CPU
		Release|ARM = Release|ARM
		Release|iPhone = Release|iPhone
		Release|iPhoneSimulator = Release|iPhoneSimulator
		Release|Mixed Platforms = Release|Mixed Platforms
		Release|x86 = Release|x86
	EndGlobalSection
	GlobalSection(ProjectConfigurationPlatforms) = postSolution
		{2551F058-1104-4D70-BCEC-E4C375C31D52}.Ad-Hoc|Any CPU.ActiveCfg = Release|Any CPU
		{2551F058-1104-4D70-BCEC-E4C375C31D52}.Ad-Hoc|Any CPU.Build.0 = Release|Any CPU
		{2551F058-1104-4D70-BCEC-E4C375C31D52}.Ad-Hoc|ARM.ActiveCfg = Release|Any CPU
		{2551F058-1104-4D70-BCEC-E4C375C31D52}.Ad-Hoc|ARM.Build.0 = Release|Any CPU
		{2551F058-1104-4D70-BCEC-E4C375C31D52}.Ad-Hoc|iPhone.ActiveCfg = Release|Any CPU
		{2551F058-1104-4D70-BCEC-E4C375C31D52}.Ad-Hoc|iPhone.Build.0 = Release|Any CPU
		{2551F058-1104-4D70-BCEC-E4C375C31D52}.Ad-Hoc|iPhoneSimulator.ActiveCfg = Release|Any CPU
		{2551F058-1104-4D70-BCEC-E4C375C31D52}.Ad-Hoc|iPhoneSimulator.Build.0 = Release|Any CPU
		{2551F058-1104-4D70-BCEC-E4C375C31D52}.Ad-Hoc|Mixed Platforms.ActiveCfg = Release|Any CPU
		{2551F058-1104-4D70-BCEC-E4C375C31D52}.Ad-Hoc|Mixed Platforms.Build.0 = Release|Any CPU
		{2551F058-1104-4D70-BCEC-E4C375C31D52}.Ad-Hoc|x86.ActiveCfg = Release|Any CPU
		{2551F058-1104-4D70-BCEC-E4C375C31D52}.Ad-Hoc|x86.Build.0 = Release|Any CPU
		{2551F058-1104-4D70-BCEC-E4C375C31D52}.AppStore|Any CPU.ActiveCfg = Release|Any CPU
		{2551F058-1104-4D70-BCEC-E4C375C31D52}.AppStore|Any CPU.Build.0 = Release|Any CPU
		{2551F058-1104-4D70-BCEC-E4C375C31D52}.AppStore|ARM.ActiveCfg = Release|Any CPU
		{2551F058-1104-4D70-BCEC-E4C375C31D52}.AppStore|ARM.Build.0 = Release|Any CPU
		{2551F058-1104-4D70-BCEC-E4C375C31D52}.AppStore|iPhone.ActiveCfg = Release|Any CPU
		{2551F058-1104-4D70-BCEC-E4C375C31D52}.AppStore|iPhone.Build.0 = Release|Any CPU
		{2551F058-1104-4D70-BCEC-E4C375C31D52}.AppStore|iPhoneSimulator.ActiveCfg = Release|Any CPU
		{2551F058-1104-4D70-BCEC-E4C375C31D52}.AppStore|iPhoneSimulator.Build.0 = Release|Any CPU
		{2551F058-1104-4D70-BCEC-E4C375C31D52}.AppStore|Mixed Platforms.ActiveCfg = Release|Any CPU
		{2551F058-1104-4D70-BCEC-E4C375C31D52}.AppStore|Mixed Platforms.Build.0 = Release|Any CPU
		{2551F058-1104-4D70-BCEC-E4C375C31D52}.AppStore|x86.ActiveCfg = Release|Any CPU
		{2551F058-1104-4D70-BCEC-E4C375C31D52}.AppStore|x86.Build.0 = Release|Any CPU
		{2551F058-1104-4D70-BCEC-E4C375C31D52}.Debug|Any CPU.ActiveCfg = Release|Any CPU
		{2551F058-1104-4D70-BCEC-E4C375C31D52}.Debug|Any CPU.Build.0 = Release|Any CPU
		{2551F058-1104-4D70-BCEC-E4C375C31D52}.Debug|ARM.ActiveCfg = Release|Any CPU
		{2551F058-1104-4D70-BCEC-E4C375C31D52}.Debug|ARM.Build.0 = Release|Any CPU
		{2551F058-1104-4D70-BCEC-E4C375C31D52}.Debug|iPhone.ActiveCfg = Release|Any CPU
		{2551F058-1104-4D70-BCEC-E4C375C31D52}.Debug|iPhone.Build.0 = Release|Any CPU
		{2551F058-1104-4D70-BCEC-E4C375C31D52}.Debug|iPhoneSimulator.ActiveCfg = Release|Any CPU
		{2551F058-1104-4D70-BCEC-E4C375C31D52}.Debug|iPhoneSimulator.Build.0 = Release|Any CPU
		{2551F058-1104-4D70-BCEC-E4C375C31D52}.Debug|Mixed Platforms.ActiveCfg = Release|Any CPU
		{2551F058-1104-4D70-BCEC-E4C375C31D52}.Debug|Mixed Platforms.Build.0 = Release|Any CPU
		{2551F058-1104-4D70-BCEC-E4C375C31D52}.Debug|x86.ActiveCfg = Release|Any CPU
		{2551F058-1104-4D70-BCEC-E4C375C31D52}.Debug|x86.Build.0 = Release|Any CPU
		{2551F058-1104-4D70-BCEC-E4C375C31D52}.Release|Any CPU.ActiveCfg = Release|Any CPU
		{2551F058-1104-4D70-BCEC-E4C375C31D52}.Release|Any CPU.Build.0 = Release|Any CPU
		{2551F058-1104-4D70-BCEC-E4C375C31D52}.Release|ARM.ActiveCfg = Release|Any CPU
		{2551F058-1104-4D70-BCEC-E4C375C31D52}.Release|ARM.Build.0 = Release|Any CPU
		{2551F058-1104-4D70-BCEC-E4C375C31D52}.Release|iPhone.ActiveCfg = Release|Any CPU
		{2551F058-1104-4D70-BCEC-E4C375C31D52}.Release|iPhone.Build.0 = Release|Any CPU
		{2551F058-1104-4D70-BCEC-E4C375C31D52}.Release|iPhoneSimulator.ActiveCfg = Release|Any CPU
		{2551F058-1104-4D70-BCEC-E4C375C31D52}.Release|iPhoneSimulator.Build.0 = Release|Any CPU
		{2551F058-1104-4D70-BCEC-E4C375C31D52}.Release|Mixed Platforms.ActiveCfg = Release|Any CPU
		{2551F058-1104-4D70-BCEC-E4C375C31D52}.Release|Mixed Platforms.Build.0 = Release|Any CPU
		{2551F058-1104-4D70-BCEC-E4C375C31D52}.Release|x86.ActiveCfg = Release|Any CPU
		{2551F058-1104-4D70-BCEC-E4C375C31D52}.Release|x86.Build.0 = Release|Any CPU
		{58265880-7EB7-492C-AF3C-FE359B1FE001}.Ad-Hoc|Any CPU.ActiveCfg = Ad-Hoc|iPhone
		{58265880-7EB7-492C-AF3C-FE359B1FE001}.Ad-Hoc|ARM.ActiveCfg = Release|iPhone
		{58265880-7EB7-492C-AF3C-FE359B1FE001}.Ad-Hoc|iPhone.ActiveCfg = Ad-Hoc|iPhone
		{58265880-7EB7-492C-AF3C-FE359B1FE001}.Ad-Hoc|iPhone.Build.0 = Ad-Hoc|iPhone
		{58265880-7EB7-492C-AF3C-FE359B1FE001}.Ad-Hoc|iPhoneSimulator.ActiveCfg = Release|iPhoneSimulator
		{58265880-7EB7-492C-AF3C-FE359B1FE001}.Ad-Hoc|iPhoneSimulator.Build.0 = Release|iPhoneSimulator
		{58265880-7EB7-492C-AF3C-FE359B1FE001}.Ad-Hoc|Mixed Platforms.ActiveCfg = Ad-Hoc|iPhone
		{58265880-7EB7-492C-AF3C-FE359B1FE001}.Ad-Hoc|Mixed Platforms.Build.0 = Ad-Hoc|iPhone
		{58265880-7EB7-492C-AF3C-FE359B1FE001}.Ad-Hoc|x86.ActiveCfg = Release|iPhone
		{58265880-7EB7-492C-AF3C-FE359B1FE001}.AppStore|Any CPU.ActiveCfg = AppStore|iPhone
		{58265880-7EB7-492C-AF3C-FE359B1FE001}.AppStore|ARM.ActiveCfg = Release|iPhone
		{58265880-7EB7-492C-AF3C-FE359B1FE001}.AppStore|iPhone.ActiveCfg = AppStore|iPhone
		{58265880-7EB7-492C-AF3C-FE359B1FE001}.AppStore|iPhone.Build.0 = AppStore|iPhone
		{58265880-7EB7-492C-AF3C-FE359B1FE001}.AppStore|iPhoneSimulator.ActiveCfg = Release|iPhoneSimulator
		{58265880-7EB7-492C-AF3C-FE359B1FE001}.AppStore|iPhoneSimulator.Build.0 = Release|iPhoneSimulator
		{58265880-7EB7-492C-AF3C-FE359B1FE001}.AppStore|Mixed Platforms.ActiveCfg = AppStore|iPhone
		{58265880-7EB7-492C-AF3C-FE359B1FE001}.AppStore|Mixed Platforms.Build.0 = AppStore|iPhone
		{58265880-7EB7-492C-AF3C-FE359B1FE001}.AppStore|x86.ActiveCfg = Release|iPhone
		{58265880-7EB7-492C-AF3C-FE359B1FE001}.Debug|Any CPU.ActiveCfg = Release|iPhone
		{58265880-7EB7-492C-AF3C-FE359B1FE001}.Debug|ARM.ActiveCfg = Release|iPhone
		{58265880-7EB7-492C-AF3C-FE359B1FE001}.Debug|iPhone.ActiveCfg = Debug|iPhone
		{58265880-7EB7-492C-AF3C-FE359B1FE001}.Debug|iPhone.Build.0 = Debug|iPhone
		{58265880-7EB7-492C-AF3C-FE359B1FE001}.Debug|iPhoneSimulator.ActiveCfg = Release|iPhone
		{58265880-7EB7-492C-AF3C-FE359B1FE001}.Debug|iPhoneSimulator.Build.0 = Release|iPhone
		{58265880-7EB7-492C-AF3C-FE359B1FE001}.Debug|Mixed Platforms.ActiveCfg = Release|iPhone
		{58265880-7EB7-492C-AF3C-FE359B1FE001}.Debug|Mixed Platforms.Build.0 = Debug|iPhone
		{58265880-7EB7-492C-AF3C-FE359B1FE001}.Debug|x86.ActiveCfg = Release|iPhone
		{58265880-7EB7-492C-AF3C-FE359B1FE001}.Release|Any CPU.ActiveCfg = Release|iPhone
		{58265880-7EB7-492C-AF3C-FE359B1FE001}.Release|ARM.ActiveCfg = Release|iPhone
		{58265880-7EB7-492C-AF3C-FE359B1FE001}.Release|iPhone.ActiveCfg = Release|iPhone
		{58265880-7EB7-492C-AF3C-FE359B1FE001}.Release|iPhone.Build.0 = Release|iPhone
		{58265880-7EB7-492C-AF3C-FE359B1FE001}.Release|iPhone.Deploy.0 = Release|iPhone
		{58265880-7EB7-492C-AF3C-FE359B1FE001}.Release|iPhoneSimulator.ActiveCfg = Release|iPhoneSimulator
		{58265880-7EB7-492C-AF3C-FE359B1FE001}.Release|iPhoneSimulator.Build.0 = Release|iPhoneSimulator
		{58265880-7EB7-492C-AF3C-FE359B1FE001}.Release|Mixed Platforms.ActiveCfg = Release|iPhone
		{58265880-7EB7-492C-AF3C-FE359B1FE001}.Release|Mixed Platforms.Build.0 = Release|iPhone
		{58265880-7EB7-492C-AF3C-FE359B1FE001}.Release|x86.ActiveCfg = Release|iPhone
		{F0D18E18-5B66-43B1-A7D2-462256CFE7A9}.Ad-Hoc|Any CPU.ActiveCfg = Release|Any CPU
		{F0D18E18-5B66-43B1-A7D2-462256CFE7A9}.Ad-Hoc|Any CPU.Build.0 = Release|Any CPU
		{F0D18E18-5B66-43B1-A7D2-462256CFE7A9}.Ad-Hoc|Any CPU.Deploy.0 = Release|Any CPU
		{F0D18E18-5B66-43B1-A7D2-462256CFE7A9}.Ad-Hoc|ARM.ActiveCfg = Release|Any CPU
		{F0D18E18-5B66-43B1-A7D2-462256CFE7A9}.Ad-Hoc|iPhone.ActiveCfg = Release|Any CPU
		{F0D18E18-5B66-43B1-A7D2-462256CFE7A9}.Ad-Hoc|iPhoneSimulator.ActiveCfg = Release|Any CPU
		{F0D18E18-5B66-43B1-A7D2-462256CFE7A9}.Ad-Hoc|Mixed Platforms.ActiveCfg = Release|Any CPU
		{F0D18E18-5B66-43B1-A7D2-462256CFE7A9}.Ad-Hoc|Mixed Platforms.Build.0 = Release|Any CPU
		{F0D18E18-5B66-43B1-A7D2-462256CFE7A9}.Ad-Hoc|Mixed Platforms.Deploy.0 = Release|Any CPU
		{F0D18E18-5B66-43B1-A7D2-462256CFE7A9}.Ad-Hoc|x86.ActiveCfg = Release|Any CPU
		{F0D18E18-5B66-43B1-A7D2-462256CFE7A9}.AppStore|Any CPU.ActiveCfg = Release|Any CPU
		{F0D18E18-5B66-43B1-A7D2-462256CFE7A9}.AppStore|Any CPU.Build.0 = Release|Any CPU
		{F0D18E18-5B66-43B1-A7D2-462256CFE7A9}.AppStore|Any CPU.Deploy.0 = Release|Any CPU
		{F0D18E18-5B66-43B1-A7D2-462256CFE7A9}.AppStore|ARM.ActiveCfg = Release|Any CPU
		{F0D18E18-5B66-43B1-A7D2-462256CFE7A9}.AppStore|iPhone.ActiveCfg = Release|Any CPU
		{F0D18E18-5B66-43B1-A7D2-462256CFE7A9}.AppStore|iPhoneSimulator.ActiveCfg = Release|Any CPU
		{F0D18E18-5B66-43B1-A7D2-462256CFE7A9}.AppStore|Mixed Platforms.ActiveCfg = Release|Any CPU
		{F0D18E18-5B66-43B1-A7D2-462256CFE7A9}.AppStore|Mixed Platforms.Build.0 = Release|Any CPU
		{F0D18E18-5B66-43B1-A7D2-462256CFE7A9}.AppStore|Mixed Platforms.Deploy.0 = Release|Any CPU
		{F0D18E18-5B66-43B1-A7D2-462256CFE7A9}.AppStore|x86.ActiveCfg = Release|Any CPU
		{F0D18E18-5B66-43B1-A7D2-462256CFE7A9}.Debug|Any CPU.ActiveCfg = Debug|Any CPU
		{F0D18E18-5B66-43B1-A7D2-462256CFE7A9}.Debug|Any CPU.Build.0 = Debug|Any CPU
		{F0D18E18-5B66-43B1-A7D2-462256CFE7A9}.Debug|Any CPU.Deploy.0 = Debug|Any CPU
		{F0D18E18-5B66-43B1-A7D2-462256CFE7A9}.Debug|ARM.ActiveCfg = Debug|Any CPU
		{F0D18E18-5B66-43B1-A7D2-462256CFE7A9}.Debug|iPhone.ActiveCfg = Debug|Any CPU
		{F0D18E18-5B66-43B1-A7D2-462256CFE7A9}.Debug|iPhoneSimulator.ActiveCfg = Debug|Any CPU
		{F0D18E18-5B66-43B1-A7D2-462256CFE7A9}.Debug|Mixed Platforms.ActiveCfg = Debug|Any CPU
		{F0D18E18-5B66-43B1-A7D2-462256CFE7A9}.Debug|Mixed Platforms.Build.0 = Debug|Any CPU
		{F0D18E18-5B66-43B1-A7D2-462256CFE7A9}.Debug|Mixed Platforms.Deploy.0 = Debug|Any CPU
		{F0D18E18-5B66-43B1-A7D2-462256CFE7A9}.Debug|x86.ActiveCfg = Debug|Any CPU
		{F0D18E18-5B66-43B1-A7D2-462256CFE7A9}.Release|Any CPU.ActiveCfg = Release|Any CPU
		{F0D18E18-5B66-43B1-A7D2-462256CFE7A9}.Release|Any CPU.Build.0 = Release|Any CPU
		{F0D18E18-5B66-43B1-A7D2-462256CFE7A9}.Release|Any CPU.Deploy.0 = Release|Any CPU
		{F0D18E18-5B66-43B1-A7D2-462256CFE7A9}.Release|ARM.ActiveCfg = Release|Any CPU
		{F0D18E18-5B66-43B1-A7D2-462256CFE7A9}.Release|iPhone.ActiveCfg = Release|Any CPU
		{F0D18E18-5B66-43B1-A7D2-462256CFE7A9}.Release|iPhoneSimulator.ActiveCfg = Release|Any CPU
		{F0D18E18-5B66-43B1-A7D2-462256CFE7A9}.Release|Mixed Platforms.ActiveCfg = Release|Any CPU
		{F0D18E18-5B66-43B1-A7D2-462256CFE7A9}.Release|Mixed Platforms.Build.0 = Release|Any CPU
		{F0D18E18-5B66-43B1-A7D2-462256CFE7A9}.Release|Mixed Platforms.Deploy.0 = Release|Any CPU
		{F0D18E18-5B66-43B1-A7D2-462256CFE7A9}.Release|x86.ActiveCfg = Release|Any CPU
		{E9341DBE-D45A-4DE3-A823-CA95A5A1D47C}.Ad-Hoc|Any CPU.ActiveCfg = Release|Any CPU
		{E9341DBE-D45A-4DE3-A823-CA95A5A1D47C}.Ad-Hoc|Any CPU.Build.0 = Release|Any CPU
		{E9341DBE-D45A-4DE3-A823-CA95A5A1D47C}.Ad-Hoc|Any CPU.Deploy.0 = Release|Any CPU
		{E9341DBE-D45A-4DE3-A823-CA95A5A1D47C}.Ad-Hoc|ARM.ActiveCfg = Release|ARM
		{E9341DBE-D45A-4DE3-A823-CA95A5A1D47C}.Ad-Hoc|ARM.Build.0 = Release|ARM
		{E9341DBE-D45A-4DE3-A823-CA95A5A1D47C}.Ad-Hoc|ARM.Deploy.0 = Release|ARM
		{E9341DBE-D45A-4DE3-A823-CA95A5A1D47C}.Ad-Hoc|iPhone.ActiveCfg = Release|Any CPU
		{E9341DBE-D45A-4DE3-A823-CA95A5A1D47C}.Ad-Hoc|iPhoneSimulator.ActiveCfg = Release|Any CPU
		{E9341DBE-D45A-4DE3-A823-CA95A5A1D47C}.Ad-Hoc|Mixed Platforms.ActiveCfg = Release|x86
		{E9341DBE-D45A-4DE3-A823-CA95A5A1D47C}.Ad-Hoc|Mixed Platforms.Build.0 = Release|x86
		{E9341DBE-D45A-4DE3-A823-CA95A5A1D47C}.Ad-Hoc|Mixed Platforms.Deploy.0 = Release|x86
		{E9341DBE-D45A-4DE3-A823-CA95A5A1D47C}.Ad-Hoc|x86.ActiveCfg = Release|x86
		{E9341DBE-D45A-4DE3-A823-CA95A5A1D47C}.Ad-Hoc|x86.Build.0 = Release|x86
		{E9341DBE-D45A-4DE3-A823-CA95A5A1D47C}.Ad-Hoc|x86.Deploy.0 = Release|x86
		{E9341DBE-D45A-4DE3-A823-CA95A5A1D47C}.AppStore|Any CPU.ActiveCfg = Release|Any CPU
		{E9341DBE-D45A-4DE3-A823-CA95A5A1D47C}.AppStore|Any CPU.Build.0 = Release|Any CPU
		{E9341DBE-D45A-4DE3-A823-CA95A5A1D47C}.AppStore|Any CPU.Deploy.0 = Release|Any CPU
		{E9341DBE-D45A-4DE3-A823-CA95A5A1D47C}.AppStore|ARM.ActiveCfg = Release|ARM
		{E9341DBE-D45A-4DE3-A823-CA95A5A1D47C}.AppStore|ARM.Build.0 = Release|ARM
		{E9341DBE-D45A-4DE3-A823-CA95A5A1D47C}.AppStore|ARM.Deploy.0 = Release|ARM
		{E9341DBE-D45A-4DE3-A823-CA95A5A1D47C}.AppStore|iPhone.ActiveCfg = Release|Any CPU
		{E9341DBE-D45A-4DE3-A823-CA95A5A1D47C}.AppStore|iPhoneSimulator.ActiveCfg = Release|Any CPU
		{E9341DBE-D45A-4DE3-A823-CA95A5A1D47C}.AppStore|Mixed Platforms.ActiveCfg = Release|x86
		{E9341DBE-D45A-4DE3-A823-CA95A5A1D47C}.AppStore|Mixed Platforms.Build.0 = Release|x86
		{E9341DBE-D45A-4DE3-A823-CA95A5A1D47C}.AppStore|Mixed Platforms.Deploy.0 = Release|x86
		{E9341DBE-D45A-4DE3-A823-CA95A5A1D47C}.AppStore|x86.ActiveCfg = Release|x86
		{E9341DBE-D45A-4DE3-A823-CA95A5A1D47C}.AppStore|x86.Build.0 = Release|x86
		{E9341DBE-D45A-4DE3-A823-CA95A5A1D47C}.AppStore|x86.Deploy.0 = Release|x86
		{E9341DBE-D45A-4DE3-A823-CA95A5A1D47C}.Debug|Any CPU.ActiveCfg = Release|x86
		{E9341DBE-D45A-4DE3-A823-CA95A5A1D47C}.Debug|Any CPU.Build.0 = Debug|Any CPU
		{E9341DBE-D45A-4DE3-A823-CA95A5A1D47C}.Debug|Any CPU.Deploy.0 = Debug|Any CPU
		{E9341DBE-D45A-4DE3-A823-CA95A5A1D47C}.Debug|ARM.ActiveCfg = Release|x86
		{E9341DBE-D45A-4DE3-A823-CA95A5A1D47C}.Debug|ARM.Build.0 = Release|ARM
		{E9341DBE-D45A-4DE3-A823-CA95A5A1D47C}.Debug|ARM.Deploy.0 = Release|ARM
		{E9341DBE-D45A-4DE3-A823-CA95A5A1D47C}.Debug|iPhone.ActiveCfg = Release|x86
		{E9341DBE-D45A-4DE3-A823-CA95A5A1D47C}.Debug|iPhoneSimulator.ActiveCfg = Release|x86
		{E9341DBE-D45A-4DE3-A823-CA95A5A1D47C}.Debug|Mixed Platforms.ActiveCfg = Release|x86
		{E9341DBE-D45A-4DE3-A823-CA95A5A1D47C}.Debug|Mixed Platforms.Build.0 = Debug|x86
		{E9341DBE-D45A-4DE3-A823-CA95A5A1D47C}.Debug|Mixed Platforms.Deploy.0 = Debug|x86
		{E9341DBE-D45A-4DE3-A823-CA95A5A1D47C}.Debug|x86.ActiveCfg = Release|x86
		{E9341DBE-D45A-4DE3-A823-CA95A5A1D47C}.Debug|x86.Build.0 = Release|x86
		{E9341DBE-D45A-4DE3-A823-CA95A5A1D47C}.Debug|x86.Deploy.0 = Release|x86
		{E9341DBE-D45A-4DE3-A823-CA95A5A1D47C}.Release|Any CPU.ActiveCfg = Release|Any CPU
		{E9341DBE-D45A-4DE3-A823-CA95A5A1D47C}.Release|Any CPU.Build.0 = Release|Any CPU
		{E9341DBE-D45A-4DE3-A823-CA95A5A1D47C}.Release|Any CPU.Deploy.0 = Release|Any CPU
		{E9341DBE-D45A-4DE3-A823-CA95A5A1D47C}.Release|ARM.ActiveCfg = Release|ARM
		{E9341DBE-D45A-4DE3-A823-CA95A5A1D47C}.Release|ARM.Build.0 = Release|ARM
		{E9341DBE-D45A-4DE3-A823-CA95A5A1D47C}.Release|ARM.Deploy.0 = Release|ARM
		{E9341DBE-D45A-4DE3-A823-CA95A5A1D47C}.Release|iPhone.ActiveCfg = Release|Any CPU
		{E9341DBE-D45A-4DE3-A823-CA95A5A1D47C}.Release|iPhoneSimulator.ActiveCfg = Release|Any CPU
		{E9341DBE-D45A-4DE3-A823-CA95A5A1D47C}.Release|Mixed Platforms.ActiveCfg = Release|x86
		{E9341DBE-D45A-4DE3-A823-CA95A5A1D47C}.Release|Mixed Platforms.Build.0 = Release|x86
		{E9341DBE-D45A-4DE3-A823-CA95A5A1D47C}.Release|Mixed Platforms.Deploy.0 = Release|x86
		{E9341DBE-D45A-4DE3-A823-CA95A5A1D47C}.Release|x86.ActiveCfg = Release|x86
		{E9341DBE-D45A-4DE3-A823-CA95A5A1D47C}.Release|x86.Build.0 = Release|x86
		{E9341DBE-D45A-4DE3-A823-CA95A5A1D47C}.Release|x86.Deploy.0 = Release|x86
	EndGlobalSection
	GlobalSection(SolutionProperties) = preSolution
		HideSolutionNode = FALSE
	EndGlobalSection
EndGlobal
